<?xml version="1.0" encoding="utf-8"?>
<Project ToolsVersion="4.0" xmlns="http://schemas.microsoft.com/developer/msbuild/2003">
  <ItemGroup>
    <Filter Include="Исходные файлы">
      <UniqueIdentifier>{4FC737F1-C7A5-4376-A066-2A32D752A2FF}</UniqueIdentifier>
      <Extensions>cpp;c;cc;cxx;def;odl;idl;hpj;bat;asm;asmx</Extensions>
    </Filter>
    <Filter Include="Файлы заголовков">
      <UniqueIdentifier>{93995380-89BD-4b04-88EB-625FBE52EBFB}</UniqueIdentifier>
      <Extensions>h;hh;hpp;hxx;hm;inl;inc;ipp;xsd</Extensions>
    </Filter>
    <Filter Include="Файлы ресурсов">
      <UniqueIdentifier>{67DA6AB6-F800-4c08-8B7A-83BB121AAD01}</UniqueIdentifier>
      <Extensions>rc;ico;cur;bmp;dlg;rc2;rct;bin;rgs;gif;jpg;jpeg;jpe;resx;tiff;tif;png;wav;mfcribbon-ms</Extensions>
    </Filter>
    <Filter Include="Исходные файлы\NeuronWeb">
      <UniqueIdentifier>{5fbd0809-3b8d-41cb-ab29-88fb7d39d94d}</UniqueIdentifier>
    </Filter>
    <Filter Include="Файлы заголовков\NeuronWeb">
      <UniqueIdentifier>{13056445-ef6c-492e-bf7e-7b346c5b2555}</UniqueIdentifier>
    </Filter>
    <Filter Include="Исходные файлы\GeneticAlg">
      <UniqueIdentifier>{58b344a9-8622-40f0-848e-4a763c083bb6}</UniqueIdentifier>
    </Filter>
    <Filter Include="Файлы заголовков\GeneticAlg">
      <UniqueIdentifier>{e74fb6bd-939a-48a1-b38a-7abce6b8f476}</UniqueIdentifier>
    </Filter>
  </ItemGroup>
  <ItemGroup>
    <ClCompile Include="NeuronWeb\HiddenLayer.cpp">
      <Filter>Исходные файлы\NeuronWeb</Filter>
    </ClCompile>
    <ClCompile Include="NeuronWeb\InputLayer.cpp">
      <Filter>Исходные файлы\NeuronWeb</Filter>
    </ClCompile>
    <ClCompile Include="NeuronWeb\Neuron.cpp">
      <Filter>Исходные файлы\NeuronWeb</Filter>
    </ClCompile>
    <ClCompile Include="NeuronWeb\Web.cpp">
      <Filter>Исходные файлы\NeuronWeb</Filter>
    </ClCompile>
    <ClCompile Include="main.cpp">
      <Filter>Исходные файлы</Filter>
    </ClCompile>
    <ClCompile Include="Gate.cpp">
      <Filter>Исходные файлы</Filter>
    </ClCompile>
    <ClCompile Include="Game.cpp">
      <Filter>Исходные файлы</Filter>
    </ClCompile>
    <ClCompile Include="Floor.cpp">
      <Filter>Исходные файлы</Filter>
    </ClCompile>
    <ClCompile Include="Bird.cpp">
      <Filter>Исходные файлы</Filter>
    </ClCompile>
    <ClCompile Include="Background.cpp">
      <Filter>Файлы заголовков</Filter>
    </ClCompile>
    <ClCompile Include="GeneticAlghorithm.cpp">
      <Filter>Исходные файлы\GeneticAlg</Filter>
    </ClCompile>
  </ItemGroup>
  <ItemGroup>
    <ClInclude Include="NeuronWeb\HiddenLayer.hpp">
      <Filter>Файлы заголовков\NeuronWeb</Filter>
    </ClInclude>
    <ClInclude Include="NeuronWeb\InputLayer.hpp">
      <Filter>Файлы заголовков\NeuronWeb</Filter>
    </ClInclude>
    <ClInclude Include="NeuronWeb\Neuron.hpp">
      <Filter>Файлы заголовков\NeuronWeb</Filter>
    </ClInclude>
    <ClInclude Include="NeuronWeb\Web.hpp">
      <Filter>Файлы заголовков\NeuronWeb</Filter>
    </ClInclude>
    <ClInclude Include="Gate.hpp">
      <Filter>Файлы заголовков</Filter>
    </ClInclude>
    <ClInclude Include="Game.hpp">
      <Filter>Файлы заголовков</Filter>
    </ClInclude>
    <ClInclude Include="Floor.hpp">
      <Filter>Файлы заголовков</Filter>
    </ClInclude>
    <ClInclude Include="Bird.hpp">
      <Filter>Файлы заголовков</Filter>
    </ClInclude>
    <ClInclude Include="Background.hpp">
      <Filter>Файлы заголовков</Filter>
    </ClInclude>
    <ClInclude Include="GeneticAlghorithm.hpp">
      <Filter>Файлы заголовков\GeneticAlg</Filter>
    </ClInclude>
  </ItemGroup>
</Project>